
Microsoft Visual Studio Solution File, Format Version 12.00
# Visual Studio Version 17
VisualStudioVersion = 17.3.32811.315
MinimumVisualStudioVersion = 10.0.40219.1
Project("{9A19103F-16F7-4668-BE54-9A1E7A4F7556}") = "dgPadCms", "dgPadCms\dgPadCms.csproj", "{ED3A7B2F-9A68-42E7-88CC-463EF01C3C6F}"
EndProject
Project("{9A19103F-16F7-4668-BE54-9A1E7A4F7556}") = "dgPadPosts", "dgPadPosts\dgPadPosts.csproj", "{A58261FC-C750-4DF7-ABD1-0CA85D83A066}"
EndProject
Project("{FAE04EC0-301F-11D3-BF4B-00C04F79EFBC}") = "Common", "Common\Common.csproj", "{E6B2BE24-4609-4891-9EB3-58B43B3E6B66}"
EndProject
Global
	GlobalSection(SolutionConfigurationPlatforms) = preSolution
		Debug|Any CPU = Debug|Any CPU
		Release|Any CPU = Release|Any CPU
	EndGlobalSection
	GlobalSection(ProjectConfigurationPlatforms) = postSolution
		{ED3A7B2F-9A68-42E7-88CC-463EF01C3C6F}.Debug|Any CPU.ActiveCfg = Debug|Any CPU
		{ED3A7B2F-9A68-42E7-88CC-463EF01C3C6F}.Debug|Any CPU.Build.0 = Debug|Any CPU
		{ED3A7B2F-9A68-42E7-88CC-463EF01C3C6F}.Release|Any CPU.ActiveCfg = Release|Any CPU
		{ED3A7B2F-9A68-42E7-88CC-463EF01C3C6F}.Release|Any CPU.Build.0 = Release|Any CPU
		{A58261FC-C750-4DF7-ABD1-0CA85D83A066}.Debug|Any CPU.ActiveCfg = Debug|Any CPU
		{A58261FC-C750-4DF7-ABD1-0CA85D83A066}.Debug|Any CPU.Build.0 = Debug|Any CPU
		{A58261FC-C750-4DF7-ABD1-0CA85D83A066}.Release|Any CPU.ActiveCfg = Release|Any CPU
		{A58261FC-C750-4DF7-ABD1-0CA85D83A066}.Release|Any CPU.Build.0 = Release|Any CPU
		{E6B2BE24-4609-4891-9EB3-58B43B3E6B66}.Debug|Any CPU.ActiveCfg = Debug|Any CPU
		{E6B2BE24-4609-4891-9EB3-58B43B3E6B66}.Debug|Any CPU.Build.0 = Debug|Any CPU
		{E6B2BE24-4609-4891-9EB3-58B43B3E6B66}.Release|Any CPU.ActiveCfg = Release|Any CPU
		{E6B2BE24-4609-4891-9EB3-58B43B3E6B66}.Release|Any CPU.Build.0 = Release|Any CPU
	EndGlobalSection
	GlobalSection(SolutionProperties) = preSolution
		HideSolutionNode = FALSE
	EndGlobalSection
	GlobalSection(ExtensibilityGlobals) = postSolution
		SolutionGuid = {7D578199-D3BC-482C-BB8E-B5F7CDF1EE1D}
	EndGlobalSection
EndGlobal
